// !$*UTF8*$!
{
	archiveVersion = 1;
	classes = {
	};
	objectVersion = 46;
	objects = {

/* Begin PBXBuildFile section */
		CECD55801D6D207F001CD435 /* main.m in Sources */ = {isa = PBXBuildFile; fileRef = CECD557F1D6D207F001CD435 /* main.m */; };
		CECD55831D6D207F001CD435 /* AppDelegate.m in Sources */ = {isa = PBXBuildFile; fileRef = CECD55821D6D207F001CD435 /* AppDelegate.m */; };
		CECD55861D6D207F001CD435 /* ViewController.m in Sources */ = {isa = PBXBuildFile; fileRef = CECD55851D6D207F001CD435 /* ViewController.m */; };
		CECD55891D6D207F001CD435 /* Main.storyboard in Resources */ = {isa = PBXBuildFile; fileRef = CECD55871D6D207F001CD435 /* Main.storyboard */; };
		CECD558B1D6D207F001CD435 /* Assets.xcassets in Resources */ = {isa = PBXBuildFile; fileRef = CECD558A1D6D207F001CD435 /* Assets.xcassets */; };
		CECD558E1D6D207F001CD435 /* LaunchScreen.storyboard in Resources */ = {isa = PBXBuildFile; fileRef = CECD558C1D6D207F001CD435 /* LaunchScreen.storyboard */; };
		CECD55971D6D2C27001CD435 /* Calculator.m in Sources */ = {isa = PBXBuildFile; fileRef = CECD55961D6D2C27001CD435 /* Calculator.m */; };
/* End PBXBuildFile section */

/* Begin PBXFileReference section */
		CECD557B1D6D207F001CD435 /* Calculator.app */ = {isa = PBXFileReference; explicitFileType = wrapper.application; includeInIndex = 0; path = Calculator.app; sourceTree = BUILT_PRODUCTS_DIR; };
		CECD557F1D6D207F001CD435 /* main.m */ = {isa = PBXFileReference; lastKnownFileType = sourcecode.c.objc; path = main.m; sourceTree = "<group>"; };
		CECD55811D6D207F001CD435 /* AppDelegate.h */ = {isa = PBXFileReference; lastKnownFileType = sourcecode.c.h; path = AppDelegate.h; sourceTree = "<group>"; };
		CECD55821D6D207F001CD435 /* AppDelegate.m */ = {isa = PBXFileReference; lastKnownFileType = sourcecode.c.objc; path = AppDelegate.m; sourceTree = "<group>"; };
		CECD55841D6D207F001CD435 /* ViewController.h */ = {isa = PBXFileReference; lastKnownFileType = sourcecode.c.h; path = ViewController.h; sourceTree = "<group>"; };
		CECD55851D6D207F001CD435 /* ViewController.m */ = {isa = PBXFileReference; lastKnownFileType = sourcecode.c.objc; path = ViewController.m; sourceTree = "<group>"; };
		CECD55881D6D207F001CD435 /* Base */ = {isa = PBXFileReference; lastKnownFileType = file.storyboard; name = Base; path = Base.lproj/Main.storyboard; sourceTree = "<group>"; };
		CECD558A1D6D207F001CD435 /* Assets.xcassets */ = {isa = PBXFileReference; lastKnownFileType = folder.assetcatalog; path = Assets.xcassets; sourceTree = "<group>"; };
		CECD558D1D6D207F001CD435 /* Base */ = {isa = PBXFileReference; lastKnownFileType = file.storyboard; name = Base; path = Base.lproj/LaunchScreen.storyboard; sourceTree = "<group>"; };
		CECD558F1D6D207F001CD435 /* Info.plist */ = {isa = PBXFileReference; lastKnownFileType = text.plist.xml; path = Info.plist; sourceTree = "<group>"; };
		CECD55951D6D2C27001CD435 /* Calculator.h */ = {isa = PBXFileReference; fileEncoding = 4; lastKnownFileType = sourcecode.c.h; path = Calculator.h; sourceTree = "<group>"; };
		CECD55961D6D2C27001CD435 /* Calculator.m */ = {isa = PBXFileReference; fileEncoding = 4; lastKnownFileType = sourcecode.c.objc; path = Calculator.m; sourceTree = "<group>"; };
/* End PBXFileReference section */

/* Begin PBXFrameworksBuildPhase section */
		CECD55781D6D207F001CD435 /* Frameworks */ = {
			isa = PBXFrameworksBuildPhase;
			buildActionMask = 2147483647;
			files = (
			);
			runOnlyForDeploymentPostprocessing = 0;
		};
/* End PBXFrameworksBuildPhase section */

/* Begin PBXGroup section */
		CECD55721D6D207F001CD435 = {
			isa = PBXGroup;
			children = (
				CECD557D1D6D207F001CD435 /* Calculator */,
				CECD557C1D6D207F001CD435 /* Products */,
			);
			sourceTree = "<group>";
		};
		CECD557C1D6D207F001CD435 /* Products */ = {
			isa = PBXGroup;
			children = (
				CECD557B1D6D207F001CD435 /* Calculator.app */,
			);
			name = Products;
			sourceTree = "<group>";
		};
		CECD557D1D6D207F001CD435 /* Calculator */ = {
			isa = PBXGroup;
			children = (
				CECD55951D6D2C27001CD435 /* Calculator.h */,
				CECD55961D6D2C27001CD435 /* Calculator.m */,
				CECD55811D6D207F001CD435 /* AppDelegate.h */,
				CECD55821D6D207F001CD435 /* AppDelegate.m */,
				CECD55841D6D207F001CD435 /* ViewController.h */,
				CECD55851D6D207F001CD435 /* ViewController.m */,
				CECD55871D6D207F001CD435 /* Main.storyboard */,
				CECD558A1D6D207F001CD435 /* Assets.xcassets */,
				CECD558C1D6D207F001CD435 /* LaunchScreen.storyboard */,
				CECD558F1D6D207F001CD435 /* Info.plist */,
				CECD557E1D6D207F001CD435 /* Supporting Files */,
			);
			path = Calculator;
			sourceTree = "<group>";
		};
		CECD557E1D6D207F001CD435 /* Supporting Files */ = {
			isa = PBXGroup;
			children = (
				CECD557F1D6D207F001CD435 /* main.m */,
			);
			name = "Supporting Files";
			sourceTree = "<group>";
		};
/* End PBXGroup section */

/* Begin PBXNativeTarget section */
		CECD557A1D6D207F001CD435 /* Calculator */ = {
			isa = PBXNativeTarget;
			buildConfigurationList = CECD55921D6D207F001CD435 /* Build configuration list for PBXNativeTarget "Calculator" */;
			buildPhases = (
				CECD55771D6D207F001CD435 /* Sources */,
				CECD55781D6D207F001CD435 /* Frameworks */,
				CECD55791D6D207F001CD435 /* Resources */,
			);
			buildRules = (
			);
			dependencies = (
			);
			name = Calculator;
			productName = Calculator;
			productReference = CECD557B1D6D207F001CD435 /* Calculator.app */;
			productType = "com.apple.product-type.application";
		};
/* End PBXNativeTarget section */

/* Begin PBXProject section */
		CECD55731D6D207F001CD435 /* Project object */ = {
			isa = PBXProject;
			attributes = {
				LastUpgradeCheck = 0730;
				ORGANIZATIONNAME = lottemobile;
				TargetAttributes = {
					CECD557A1D6D207F001CD435 = {
						CreatedOnToolsVersion = 7.3.1;
					};
				};
			};
			buildConfigurationList = CECD55761D6D207F001CD435 /* Build configuration list for PBXProject "Calculator" */;
			compatibilityVersion = "Xcode 3.2";
			developmentRegion = English;
			hasScannedForEncodings = 0;
			knownRegions = (
				en,
				Base,
			);
			mainGroup = CECD55721D6D207F001CD435;
			productRefGroup = CECD557C1D6D207F001CD435 /* Products */;
			projectDirPath = "";
			projectRoot = "";
			targets = (
				CECD557A1D6D207F001CD435 /* Calculator */,
			);
		};
/* End PBXProject section */

/* Begin PBXResourcesBuildPhase section */
		CECD55791D6D207F001CD435 /* Resources */ = {
			isa = PBXResourcesBuildPhase;
			buildActionMask = 2147483647;
			files = (
				CECD558E1D6D207F001CD435 /* LaunchScreen.storyboard in Resources */,
				CECD558B1D6D207F001CD435 /* Assets.xcassets in Resources */,
				CECD55891D6D207F001CD435 /* Main.storyboard in Resources */,
			);
			runOnlyForDeploymentPostprocessing = 0;
		};
/* End PBXResourcesBuildPhase section */

/* Begin PBXSourcesBuildPhase section */
		CECD55771D6D207F001CD435 /* Sources */ = {
			isa = PBXSourcesBuildPhase;
			buildActionMask = 2147483647;
			files = (
				CECD55861D6D207F001CD435 /* ViewController.m in Sources */,
				CECD55971D6D2C27001CD435 /* Calculator.m in Sources */,
				CECD55831D6D207F001CD435 /* AppDelegate.m in Sources */,
				CECD55801D6D207F001CD435 /* main.m in Sources */,
			);
			runOnlyForDeploymentPostprocessing = 0;
		};
/* End PBXSourcesBuildPhase section */

/* Begin PBXVariantGroup section */
		CECD55871D6D207F001CD435 /* Main.storyboard */ = {
			isa = PBXVariantGroup;
			children = (
				CECD55881D6D207F001CD435 /* Base */,
			);
			name = Main.storyboard;
			sourceTree = "<group>";
		};
		CECD558C1D6D207F001CD435 /* LaunchScreen.storyboard */ = {
			isa = PBXVariantGroup;
			children = (
				CECD558D1D6D207F001CD435 /* Base */,
			);
			name = LaunchScreen.storyboard;
			sourceTree = "<group>";
		};
/* End PBXVariantGroup section */

/* Begin XCBuildConfiguration section */
		CECD55901D6D207F001CD435 /* Debug */ = {
			isa = XCBuildConfiguration;
			buildSettings = {
				ALWAYS_SEARCH_USER_PATHS = NO;
				CLANG_ANALYZER_NONNULL = YES;
				CLANG_CXX_LANGUAGE_STANDARD = "gnu++0x";
				CLANG_CXX_LIBRARY = "libc++";
				CLANG_ENABLE_MODULES = YES;
				CLANG_ENABLE_OBJC_ARC = YES;
				CLANG_WARN_BOOL_CONVERSION = YES;
				CLANG_WARN_CONSTANT_CONVERSION = YES;
				CLANG_WARN_DIRECT_OBJC_ISA_USAGE = YES_ERROR;
				CLANG_WARN_EMPTY_BODY = YES;
				CLANG_WARN_ENUM_CONVERSION = YES;
				CLANG_WARN_INT_CONVERSION = YES;
				CLANG_WARN_OBJC_ROOT_CLASS = YES_ERROR;
				CLANG_WARN_UNREACHABLE_CODE = YES;
				CLANG_WARN__DUPLICATE_METHOD_MATCH = YES;
				"CODE_SIGN_IDENTITY[sdk=iphoneos*]" = "iPhone Developer";
				COPY_PHASE_STRIP = NO;
				DEBUG_INFORMATION_FORMAT = dwarf;
				ENABLE_STRICT_OBJC_MSGSEND = YES;
				ENABLE_TESTABILITY = YES;
				GCC_C_LANGUAGE_STANDARD = gnu99;
				GCC_DYNAMIC_NO_PIC = NO;
				GCC_NO_COMMON_BLOCKS = YES;
				GCC_OPTIMIZATION_LEVEL = 0;
				GCC_PREPROCESSOR_DEFINITIONS = (
					"DEBUG=1",
					"$(inherited)",
				);
				GCC_WARN_64_TO_32_BIT_CONVERSION = YES;
				GCC_WARN_ABOUT_RETURN_TYPE = YES_ERROR;
				GCC_WARN_UNDECLARED_SELECTOR = YES;
				GCC_WARN_UNINITIALIZED_AUTOS = YES_AGGRESSIVE;
				GCC_WARN_UNUSED_FUNCTION = YES;
				GCC_WARN_UNUSED_VARIABLE = YES;
				IPHONEOS_DEPLOYMENT_TARGET = 9.3;
				MTL_ENABLE_DEBUG_INFO = YES;
				ONLY_ACTIVE_ARCH = YES;
				SDKROOT = iphoneos;
			};
			name = Debug;
		};
		CECD55911D6D207F001CD435 /* Release */ = {
			isa = XCBuildConfiguration;
			buildSettings = {
				ALWAYS_SEARCH_USER_PATHS = NO;
				CLANG_ANALYZER_NONNULL = YES;
				CLANG_CXX_LANGUAGE_STANDARD = "gnu++0x";
				CLANG_CXX_LIBRARY = "libc++";
				CLANG_ENABLE_MODULES = YES;
				CLANG_ENABLE_OBJC_ARC = YES;
				CLANG_WARN_BOOL_CONVERSION = YES;
				CLANG_WARN_CONSTANT_CONVERSION = YES;
				CLANG_WARN_DIRECT_OBJC_ISA_USAGE = YES_ERROR;
				CLANG_WARN_EMPTY_BODY = YES;
				CLANG_WARN_ENUM_CONVERSION = YES;
				CLANG_WARN_INT_CONVERSION = YES;
				CLANG_WARN_OBJC_ROOT_CLASS = YES_ERROR;
				CLANG_WARN_UNREACHABLE_CODE = YES;
				CLANG_WARN__DUPLICATE_METHOD_MATCH = YES;
				"CODE_SIGN_IDENTITY[sdk=iphoneos*]" = "iPhone Developer";
				COPY_PHASE_STRIP = NO;
				DEBUG_INFORMATION_FORMAT = "dwarf-with-dsym";
				ENABLE_NS_ASSERTIONS = NO;
				ENABLE_STRICT_OBJC_MSGSEND = YES;
				GCC_C_LANGUAGE_STANDARD = gnu99;
				GCC_NO_COMMON_BLOCKS = YES;
				GCC_WARN_64_TO_32_BIT_CONVERSION = YES;
				GCC_WARN_ABOUT_RETURN_TYPE = YES_ERROR;
				GCC_WARN_UNDECLARED_SELECTOR = YES;
				GCC_WARN_UNINITIALIZED_AUTOS = YES_AGGRESSIVE;
				GCC_WARN_UNUSED_FUNCTION = YES;
				GCC_WARN_UNUSED_VARIABLE = YES;
				IPHONEOS_DEPLOYMENT_TARGET = 9.3;
				MTL_ENABLE_DEBUG_INFO = NO;
				SDKROOT = iphoneos;
				VALIDATE_PRODUCT = YES;
			};
			name = Release;
		};
		CECD55931D6D207F001CD435 /* Debug */ = {
			isa = XCBuildConfiguration;
			buildSettings = {
				ASSETCATALOG_COMPILER_APPICON_NAME = AppIcon;
				INFOPLIST_FILE = Calculator/Info.plist;
				LD_RUNPATH_SEARCH_PATHS = "$(inherited) @executable_path/Frameworks";
				PRODUCT_BUNDLE_IDENTIFIER = com.lottemobile.Calculator;
				PRODUCT_NAME = "$(TARGET_NAME)";
			};
			name = Debug;
		};
		CECD55941D6D207F001CD435 /* Release */ = {
			isa = XCBuildConfiguration;
			buildSettings = {
				ASSETCATALOG_COMPILER_APPICON_NAME = AppIcon;
				INFOPLIST_FILE = Calculator/Info.plist;
				LD_RUNPATH_SEARCH_PATHS = "$(inherited) @executable_path/Frameworks";
				PRODUCT_BUNDLE_IDENTIFIER = com.lottemobile.Calculator;
				PRODUCT_NAME = "$(TARGET_NAME)";
			};
			name = Release;
		};
/* End XCBuildConfiguration section */

/* Begin XCConfigurationList section */
		CECD55761D6D207F001CD435 /* Build configuration list for PBXProject "Calculator" */ = {
			isa = XCConfigurationList;
			buildConfigurations = (
				CECD55901D6D207F001CD435 /* Debug */,
				CECD55911D6D207F001CD435 /* Release */,
			);
			defaultConfigurationIsVisible = 0;
			defaultConfigurationName = Release;
		};
		CECD55921D6D207F001CD435 /* Build configuration list for PBXNativeTarget "Calculator" */ = {
			isa = XCConfigurationList;
			buildConfigurations = (
				CECD55931D6D207F001CD435 /* Debug */,
				CECD55941D6D207F001CD435 /* Release */,
			);
			defaultConfigurationIsVisible = 0;
		};
/* End XCConfigurationList section */
	};
	rootObject = CECD55731D6D207F001CD435 /* Project object */;
}
